
Microsoft Visual Studio Solution File, Format Version 12.00
# Visual Studio Version 17
VisualStudioVersion = 17.8.34316.72
MinimumVisualStudioVersion = 10.0.40219.1
Project("{FAE04EC0-301F-11D3-BF4B-00C04F79EFBC}") = "TutorialMod", "TutorialMod.csproj", "{E0049D78-6683-400B-9F01-DD17DCF9481F}"
EndProject
Global
	GlobalSection(SolutionConfigurationPlatforms) = preSolution
		Debug|Any CPU = Debug|Any CPU
		Release|Any CPU = Release|Any CPU
	EndGlobalSection
	GlobalSection(ProjectConfigurationPlatforms) = postSolution
		{E0049D78-6683-400B-9F01-DD17DCF9481F}.Debug|Any CPU.ActiveCfg = Debug|Any CPU
		{E0049D78-6683-400B-9F01-DD17DCF9481F}.Debug|Any CPU.Build.0 = Debug|Any CPU
		{E0049D78-6683-400B-9F01-DD17DCF9481F}.Release|Any CPU.ActiveCfg = Release|Any CPU
		{E0049D78-6683-400B-9F01-DD17DCF9481F}.Release|Any CPU.Build.0 = Release|Any CPU
	EndGlobalSection
	GlobalSection(SolutionProperties) = preSolution
		HideSolutionNode = FALSE
	EndGlobalSection
	GlobalSection(ExtensibilityGlobals) = postSolution
		SolutionGuid = {EFF883E5-BA1C-4C2F-BC9D-5F568BB86E78}
	EndGlobalSection
EndGlobal
